<?xml version="1.0" encoding="utf-8"?>
<Project ToolsVersion="4.0" xmlns="http://schemas.microsoft.com/developer/msbuild/2003">
  <ItemGroup>
    <Filter Include="Source Files">
      <UniqueIdentifier>{4FC737F1-C7A5-4376-A066-2A32D752A2FF}</UniqueIdentifier>
      <Extensions>cpp;c;cc;cxx;c++;def;odl;idl;hpj;bat;asm;asmx</Extensions>
    </Filter>
    <Filter Include="Header Files">
      <UniqueIdentifier>{93995380-89BD-4b04-88EB-625FBE52EBFB}</UniqueIdentifier>
      <Extensions>h;hh;hpp;hxx;h++;hm;inl;inc;ipp;xsd</Extensions>
    </Filter>
    <Filter Include="Resource Files">
      <UniqueIdentifier>{67DA6AB6-F800-4c08-8B7A-83BB121AAD01}</UniqueIdentifier>
      <Extensions>rc;ico;cur;bmp;dlg;rc2;rct;bin;rgs;gif;jpg;jpeg;jpe;resx;tiff;tif;png;wav;mfcribbon-ms</Extensions>
    </Filter>
    <Filter Include="Source Files\FaceAnalysis">
      <UniqueIdentifier>{ccf5bcca-a5fd-4511-9027-ff5f0b205882}</UniqueIdentifier>
    </Filter>
    <Filter Include="Source Files\GUI">
      <UniqueIdentifier>{fedd2ed5-57f8-42d5-8d31-d5df81f2e59c}</UniqueIdentifier>
    </Filter>
    <Filter Include="Header Files\GUI">
      <UniqueIdentifier>{f9faeedf-dbd5-4ea8-95eb-9ad834ac7ecd}</UniqueIdentifier>
    </Filter>
    <Filter Include="Header Files\FaceAnlysis">
      <UniqueIdentifier>{5baa635a-527d-4393-98d6-751a35259454}</UniqueIdentifier>
    </Filter>
    <Filter Include="Header Files\Utils">
      <UniqueIdentifier>{a8e78879-8751-4687-ae43-39708a48fc63}</UniqueIdentifier>
    </Filter>
    <Filter Include="Source Files\Utils">
      <UniqueIdentifier>{89bb1535-99f7-4e21-a3ea-3796e2979516}</UniqueIdentifier>
    </Filter>
  </ItemGroup>
  <ItemGroup>
    <ClCompile Include="..\..\..\_includes\dlib\dlib-19.22\source\dlib\all\source.cpp">
      <Filter>Source Files</Filter>
    </ClCompile>
    <ClCompile Include="MainFrame.cpp">
      <Filter>Source Files\GUI</Filter>
    </ClCompile>
    <ClCompile Include="FaceComparator.cpp">
      <Filter>Source Files\FaceAnalysis</Filter>
    </ClCompile>
    <ClCompile Include="FaceDetector.cpp">
      <Filter>Source Files\FaceAnalysis</Filter>
    </ClCompile>
    <ClCompile Include="App.cpp">
      <Filter>Source Files\GUI</Filter>
    </ClCompile>
    <ClCompile Include="Utils.cpp">
      <Filter>Source Files\Utils</Filter>
    </ClCompile>
    <ClCompile Include="ConsoleOutputWindow.cpp">
      <Filter>Source Files\GUI</Filter>
    </ClCompile>
    <ClCompile Include="Face.cpp">
      <Filter>Source Files\FaceAnalysis</Filter>
    </ClCompile>
    <ClCompile Include="FaceGroup.cpp">
      <Filter>Source Files\FaceAnalysis</Filter>
    </ClCompile>
    <ClCompile Include="RunAlgorithm.cpp">
      <Filter>Source Files\Utils</Filter>
    </ClCompile>
  </ItemGroup>
  <ItemGroup>
    <ClInclude Include="App.h">
      <Filter>Header Files\GUI</Filter>
    </ClInclude>
    <ClInclude Include="MainFrame.h">
      <Filter>Header Files\GUI</Filter>
    </ClInclude>
    <ClInclude Include="Utils.h">
      <Filter>Header Files\Utils</Filter>
    </ClInclude>
    <ClInclude Include="FaceComparator.h">
      <Filter>Header Files\FaceAnlysis</Filter>
    </ClInclude>
    <ClInclude Include="FaceDetector.h">
      <Filter>Header Files\FaceAnlysis</Filter>
    </ClInclude>
    <ClInclude Include="IDs.h">
      <Filter>Header Files\Utils</Filter>
    </ClInclude>
    <ClInclude Include="ConsoleOutputWindow.h">
      <Filter>Header Files\GUI</Filter>
    </ClInclude>
    <ClInclude Include="Face.h">
      <Filter>Header Files\FaceAnlysis</Filter>
    </ClInclude>
    <ClInclude Include="FaceGroup.h">
      <Filter>Header Files\FaceAnlysis</Filter>
    </ClInclude>
    <ClInclude Include="RunAlgorithm.h">
      <Filter>Header Files\Utils</Filter>
    </ClInclude>
  </ItemGroup>
</Project>